// !$*UTF8*$!
{
	archiveVersion = 1;
	classes = {
	};
	objectVersion = 56;
	objects = {

/* Begin PBXBuildFile section */
		23BEE11B42DEB46FBDC207BD /* Pods_FifaBattleTests.framework in Frameworks */ = {isa = PBXBuildFile; fileRef = 73D29EC3325D429AB857EAF3 /* Pods_FifaBattleTests.framework */; };
		2F4A67D0299D0BB800D18366 /* HeaderView.swift in Sources */ = {isa = PBXBuildFile; fileRef = 2F4A67CF299D0BB800D18366 /* HeaderView.swift */; };
		2F4A67D2299D145200D18366 /* CalculatePointsViewModel.swift in Sources */ = {isa = PBXBuildFile; fileRef = 2F4A67D1299D145200D18366 /* CalculatePointsViewModel.swift */; };
		2F4A67D4299D15F700D18366 /* CalculatePointsView.swift in Sources */ = {isa = PBXBuildFile; fileRef = 2F4A67D3299D15F700D18366 /* CalculatePointsView.swift */; };
		2F4A67D6299D1D8000D18366 /* IncrementNumberButton.swift in Sources */ = {isa = PBXBuildFile; fileRef = 2F4A67D5299D1D8000D18366 /* IncrementNumberButton.swift */; };
		2F4A67D8299E5E3E00D18366 /* ProfileView.swift in Sources */ = {isa = PBXBuildFile; fileRef = 2F4A67D7299E5E3E00D18366 /* ProfileView.swift */; };
		2F4A67DA299E655400D18366 /* SettingsView.swift in Sources */ = {isa = PBXBuildFile; fileRef = 2F4A67D9299E655400D18366 /* SettingsView.swift */; };
		2F4A67DE299E697800D18366 /* ImagePicker.swift in Sources */ = {isa = PBXBuildFile; fileRef = 2F4A67DD299E697800D18366 /* ImagePicker.swift */; };
		2F4EBE902995129400D53080 /* TableView.swift in Sources */ = {isa = PBXBuildFile; fileRef = 2F4EBE8F2995129400D53080 /* TableView.swift */; };
		2F697D2F29B600E200A0C801 /* DataModel.swift in Sources */ = {isa = PBXBuildFile; fileRef = 2F697D2E29B600E200A0C801 /* DataModel.swift */; };
		2F697D3229B60A9500A0C801 /* TableModel.swift in Sources */ = {isa = PBXBuildFile; fileRef = 2F697D3129B60A9500A0C801 /* TableModel.swift */; };
		2F697D3D29B62B9F00A0C801 /* GoogleService-Info.plist in Resources */ = {isa = PBXBuildFile; fileRef = 2F697D3C29B62B9F00A0C801 /* GoogleService-Info.plist */; };
		2FB4CC2129A90F4E0066AE72 /* CreditsView.swift in Sources */ = {isa = PBXBuildFile; fileRef = 2FB4CC2029A90F4E0066AE72 /* CreditsView.swift */; };
		2FB4CC2429A912A50066AE72 /* CenterModifier.swift in Sources */ = {isa = PBXBuildFile; fileRef = 2FB4CC2329A912A50066AE72 /* CenterModifier.swift */; };
		2FB4CC2629AB850B0066AE72 /* Color.swift in Sources */ = {isa = PBXBuildFile; fileRef = 2FB4CC2529AB850B0066AE72 /* Color.swift */; };
		2FB4CC3829AD05CA0066AE72 /* FontsManager.swift in Sources */ = {isa = PBXBuildFile; fileRef = 2FB4CC3729AD05CA0066AE72 /* FontsManager.swift */; };
		2FB4CC3A29AD09D40066AE72 /* OFL.txt in Resources */ = {isa = PBXBuildFile; fileRef = 2FB4CC3929AD09D40066AE72 /* OFL.txt */; };
		2FBF0AE629A4E11E00C7CB82 /* CustomTabView.swift in Sources */ = {isa = PBXBuildFile; fileRef = 2FBF0AE529A4E11E00C7CB82 /* CustomTabView.swift */; };
		4E766E315262C35328A31ADB /* Pods_FifaBattle_FifaBattleUITests.framework in Frameworks */ = {isa = PBXBuildFile; fileRef = 6726B0EB91A6F9E9DC60BC73 /* Pods_FifaBattle_FifaBattleUITests.framework */; };
		8B8BCC1333FF2CB22470A30D /* Pods_FifaBattle.framework in Frameworks */ = {isa = PBXBuildFile; fileRef = 3D5D8E7CC396BDDFC92FEB2C /* Pods_FifaBattle.framework */; };
		BAD6271F298A8106009BE115 /* FifaBattleApp.swift in Sources */ = {isa = PBXBuildFile; fileRef = BAD6271E298A8106009BE115 /* FifaBattleApp.swift */; };
		BAD62721298A8106009BE115 /* ContentView.swift in Sources */ = {isa = PBXBuildFile; fileRef = BAD62720298A8106009BE115 /* ContentView.swift */; };
		BAD62723298A8109009BE115 /* Assets.xcassets in Resources */ = {isa = PBXBuildFile; fileRef = BAD62722298A8109009BE115 /* Assets.xcassets */; };
		BAD62726298A8109009BE115 /* Preview Assets.xcassets in Resources */ = {isa = PBXBuildFile; fileRef = BAD62725298A8109009BE115 /* Preview Assets.xcassets */; };
		BAD62730298A810A009BE115 /* FifaBattleTests.swift in Sources */ = {isa = PBXBuildFile; fileRef = BAD6272F298A810A009BE115 /* FifaBattleTests.swift */; };
		BAD6273A298A810A009BE115 /* FifaBattleUITests.swift in Sources */ = {isa = PBXBuildFile; fileRef = BAD62739298A810A009BE115 /* FifaBattleUITests.swift */; };
		BAD6273C298A810A009BE115 /* FifaBattleUITestsLaunchTests.swift in Sources */ = {isa = PBXBuildFile; fileRef = BAD6273B298A810A009BE115 /* FifaBattleUITestsLaunchTests.swift */; };
		BAD6274C298A8181009BE115 /* ResetPasswordView.swift in Sources */ = {isa = PBXBuildFile; fileRef = BAD6274B298A8181009BE115 /* ResetPasswordView.swift */; };
		BAD62750298A81B8009BE115 /* SignUpView.swift in Sources */ = {isa = PBXBuildFile; fileRef = BAD6274F298A81B8009BE115 /* SignUpView.swift */; };
		BAF3EE6E298C3F480047A7E0 /* HomeViewModel.swift in Sources */ = {isa = PBXBuildFile; fileRef = BAF3EE6D298C3F480047A7E0 /* HomeViewModel.swift */; };
/* End PBXBuildFile section */

/* Begin PBXContainerItemProxy section */
		BAD6272C298A8109009BE115 /* PBXContainerItemProxy */ = {
			isa = PBXContainerItemProxy;
			containerPortal = BAD62713298A8106009BE115 /* Project object */;
			proxyType = 1;
			remoteGlobalIDString = BAD6271A298A8106009BE115;
			remoteInfo = FifaBattle;
		};
		BAD62736298A810A009BE115 /* PBXContainerItemProxy */ = {
			isa = PBXContainerItemProxy;
			containerPortal = BAD62713298A8106009BE115 /* Project object */;
			proxyType = 1;
			remoteGlobalIDString = BAD6271A298A8106009BE115;
			remoteInfo = FifaBattle;
		};
/* End PBXContainerItemProxy section */

/* Begin PBXFileReference section */
		1DB6BA1452989B2173AE7EC7 /* Pods-FifaBattle-FifaBattleUITests.release.xcconfig */ = {isa = PBXFileReference; includeInIndex = 1; lastKnownFileType = text.xcconfig; name = "Pods-FifaBattle-FifaBattleUITests.release.xcconfig"; path = "Target Support Files/Pods-FifaBattle-FifaBattleUITests/Pods-FifaBattle-FifaBattleUITests.release.xcconfig"; sourceTree = "<group>"; };
		2F4A67CF299D0BB800D18366 /* HeaderView.swift */ = {isa = PBXFileReference; lastKnownFileType = sourcecode.swift; path = HeaderView.swift; sourceTree = "<group>"; };
		2F4A67D1299D145200D18366 /* CalculatePointsViewModel.swift */ = {isa = PBXFileReference; lastKnownFileType = sourcecode.swift; path = CalculatePointsViewModel.swift; sourceTree = "<group>"; };
		2F4A67D3299D15F700D18366 /* CalculatePointsView.swift */ = {isa = PBXFileReference; lastKnownFileType = sourcecode.swift; path = CalculatePointsView.swift; sourceTree = "<group>"; };
		2F4A67D5299D1D8000D18366 /* IncrementNumberButton.swift */ = {isa = PBXFileReference; lastKnownFileType = sourcecode.swift; path = IncrementNumberButton.swift; sourceTree = "<group>"; };
		2F4A67D7299E5E3E00D18366 /* ProfileView.swift */ = {isa = PBXFileReference; lastKnownFileType = sourcecode.swift; path = ProfileView.swift; sourceTree = "<group>"; };
		2F4A67D9299E655400D18366 /* SettingsView.swift */ = {isa = PBXFileReference; lastKnownFileType = sourcecode.swift; path = SettingsView.swift; sourceTree = "<group>"; };
		2F4A67DD299E697800D18366 /* ImagePicker.swift */ = {isa = PBXFileReference; lastKnownFileType = sourcecode.swift; path = ImagePicker.swift; sourceTree = "<group>"; };
		2F4EBE8F2995129400D53080 /* TableView.swift */ = {isa = PBXFileReference; lastKnownFileType = sourcecode.swift; path = TableView.swift; sourceTree = "<group>"; };
		2F697D2E29B600E200A0C801 /* DataModel.swift */ = {isa = PBXFileReference; lastKnownFileType = sourcecode.swift; path = DataModel.swift; sourceTree = "<group>"; };
		2F697D3129B60A9500A0C801 /* TableModel.swift */ = {isa = PBXFileReference; lastKnownFileType = sourcecode.swift; path = TableModel.swift; sourceTree = "<group>"; };
		2F697D3C29B62B9F00A0C801 /* GoogleService-Info.plist */ = {isa = PBXFileReference; fileEncoding = 4; lastKnownFileType = text.plist.xml; name = "GoogleService-Info.plist"; path = "../../../../Downloads/GoogleService-Info.plist"; sourceTree = "<group>"; };
		2FB4CC2029A90F4E0066AE72 /* CreditsView.swift */ = {isa = PBXFileReference; lastKnownFileType = sourcecode.swift; path = CreditsView.swift; sourceTree = "<group>"; };
		2FB4CC2329A912A50066AE72 /* CenterModifier.swift */ = {isa = PBXFileReference; lastKnownFileType = sourcecode.swift; path = CenterModifier.swift; sourceTree = "<group>"; };
		2FB4CC2529AB850B0066AE72 /* Color.swift */ = {isa = PBXFileReference; lastKnownFileType = sourcecode.swift; path = Color.swift; sourceTree = "<group>"; };
		2FB4CC3329AD04CF0066AE72 /* PressStart2P-Regular.ttf */ = {isa = PBXFileReference; lastKnownFileType = file; path = "PressStart2P-Regular.ttf"; sourceTree = "<group>"; };
		2FB4CC3429AD04CF0066AE72 /* Roboto-Regular.ttf */ = {isa = PBXFileReference; lastKnownFileType = file; path = "Roboto-Regular.ttf"; sourceTree = "<group>"; };
		2FB4CC3529AD04CF0066AE72 /* RampartOne-Regular.ttf */ = {isa = PBXFileReference; lastKnownFileType = file; path = "RampartOne-Regular.ttf"; sourceTree = "<group>"; };
		2FB4CC3629AD04CF0066AE72 /* RubikIso-Regular.ttf */ = {isa = PBXFileReference; lastKnownFileType = file; path = "RubikIso-Regular.ttf"; sourceTree = "<group>"; };
		2FB4CC3729AD05CA0066AE72 /* FontsManager.swift */ = {isa = PBXFileReference; lastKnownFileType = sourcecode.swift; path = FontsManager.swift; sourceTree = "<group>"; };
		2FB4CC3929AD09D40066AE72 /* OFL.txt */ = {isa = PBXFileReference; fileEncoding = 4; lastKnownFileType = text; path = OFL.txt; sourceTree = "<group>"; };
		2FBF0AE529A4E11E00C7CB82 /* CustomTabView.swift */ = {isa = PBXFileReference; lastKnownFileType = sourcecode.swift; path = CustomTabView.swift; sourceTree = "<group>"; };
		3BC757F95454A6D76AA312B2 /* Pods-FifaBattle.debug.xcconfig */ = {isa = PBXFileReference; includeInIndex = 1; lastKnownFileType = text.xcconfig; name = "Pods-FifaBattle.debug.xcconfig"; path = "Target Support Files/Pods-FifaBattle/Pods-FifaBattle.debug.xcconfig"; sourceTree = "<group>"; };
		3D5D8E7CC396BDDFC92FEB2C /* Pods_FifaBattle.framework */ = {isa = PBXFileReference; explicitFileType = wrapper.framework; includeInIndex = 0; path = Pods_FifaBattle.framework; sourceTree = BUILT_PRODUCTS_DIR; };
		491674EF738FF58EADA4B426 /* Pods-FifaBattleTests.release.xcconfig */ = {isa = PBXFileReference; includeInIndex = 1; lastKnownFileType = text.xcconfig; name = "Pods-FifaBattleTests.release.xcconfig"; path = "Target Support Files/Pods-FifaBattleTests/Pods-FifaBattleTests.release.xcconfig"; sourceTree = "<group>"; };
		6726B0EB91A6F9E9DC60BC73 /* Pods_FifaBattle_FifaBattleUITests.framework */ = {isa = PBXFileReference; explicitFileType = wrapper.framework; includeInIndex = 0; path = Pods_FifaBattle_FifaBattleUITests.framework; sourceTree = BUILT_PRODUCTS_DIR; };
		73D29EC3325D429AB857EAF3 /* Pods_FifaBattleTests.framework */ = {isa = PBXFileReference; explicitFileType = wrapper.framework; includeInIndex = 0; path = Pods_FifaBattleTests.framework; sourceTree = BUILT_PRODUCTS_DIR; };
		A8A0A9A8092E96DF0D8921E3 /* Pods-FifaBattle-FifaBattleUITests.debug.xcconfig */ = {isa = PBXFileReference; includeInIndex = 1; lastKnownFileType = text.xcconfig; name = "Pods-FifaBattle-FifaBattleUITests.debug.xcconfig"; path = "Target Support Files/Pods-FifaBattle-FifaBattleUITests/Pods-FifaBattle-FifaBattleUITests.debug.xcconfig"; sourceTree = "<group>"; };
		B14916F67C05EFD2D5D8012C /* Pods-FifaBattleTests.debug.xcconfig */ = {isa = PBXFileReference; includeInIndex = 1; lastKnownFileType = text.xcconfig; name = "Pods-FifaBattleTests.debug.xcconfig"; path = "Target Support Files/Pods-FifaBattleTests/Pods-FifaBattleTests.debug.xcconfig"; sourceTree = "<group>"; };
		BAD6271B298A8106009BE115 /* FifaBattle.app */ = {isa = PBXFileReference; explicitFileType = wrapper.application; includeInIndex = 0; path = FifaBattle.app; sourceTree = BUILT_PRODUCTS_DIR; };
		BAD6271E298A8106009BE115 /* FifaBattleApp.swift */ = {isa = PBXFileReference; lastKnownFileType = sourcecode.swift; path = FifaBattleApp.swift; sourceTree = "<group>"; };
		BAD62720298A8106009BE115 /* ContentView.swift */ = {isa = PBXFileReference; lastKnownFileType = sourcecode.swift; path = ContentView.swift; sourceTree = "<group>"; };
		BAD62722298A8109009BE115 /* Assets.xcassets */ = {isa = PBXFileReference; lastKnownFileType = folder.assetcatalog; path = Assets.xcassets; sourceTree = "<group>"; };
		BAD62725298A8109009BE115 /* Preview Assets.xcassets */ = {isa = PBXFileReference; lastKnownFileType = folder.assetcatalog; path = "Preview Assets.xcassets"; sourceTree = "<group>"; };
		BAD6272B298A8109009BE115 /* FifaBattleTests.xctest */ = {isa = PBXFileReference; explicitFileType = wrapper.cfbundle; includeInIndex = 0; path = FifaBattleTests.xctest; sourceTree = BUILT_PRODUCTS_DIR; };
		BAD6272F298A810A009BE115 /* FifaBattleTests.swift */ = {isa = PBXFileReference; lastKnownFileType = sourcecode.swift; path = FifaBattleTests.swift; sourceTree = "<group>"; };
		BAD62735298A810A009BE115 /* FifaBattleUITests.xctest */ = {isa = PBXFileReference; explicitFileType = wrapper.cfbundle; includeInIndex = 0; path = FifaBattleUITests.xctest; sourceTree = BUILT_PRODUCTS_DIR; };
		BAD62739298A810A009BE115 /* FifaBattleUITests.swift */ = {isa = PBXFileReference; lastKnownFileType = sourcecode.swift; path = FifaBattleUITests.swift; sourceTree = "<group>"; };
		BAD6273B298A810A009BE115 /* FifaBattleUITestsLaunchTests.swift */ = {isa = PBXFileReference; lastKnownFileType = sourcecode.swift; path = FifaBattleUITestsLaunchTests.swift; sourceTree = "<group>"; };
		BAD6274B298A8181009BE115 /* ResetPasswordView.swift */ = {isa = PBXFileReference; lastKnownFileType = sourcecode.swift; path = ResetPasswordView.swift; sourceTree = "<group>"; };
		BAD6274F298A81B8009BE115 /* SignUpView.swift */ = {isa = PBXFileReference; lastKnownFileType = sourcecode.swift; path = SignUpView.swift; sourceTree = "<group>"; };
		BAE86496298BC9E300C5916A /* Info.plist */ = {isa = PBXFileReference; lastKnownFileType = text.plist; path = Info.plist; sourceTree = "<group>"; };
		BAF3EE6D298C3F480047A7E0 /* HomeViewModel.swift */ = {isa = PBXFileReference; lastKnownFileType = sourcecode.swift; path = HomeViewModel.swift; sourceTree = "<group>"; };
		DAF2F77B3DFEE4C4BD1F0861 /* Pods-FifaBattle.release.xcconfig */ = {isa = PBXFileReference; includeInIndex = 1; lastKnownFileType = text.xcconfig; name = "Pods-FifaBattle.release.xcconfig"; path = "Target Support Files/Pods-FifaBattle/Pods-FifaBattle.release.xcconfig"; sourceTree = "<group>"; };
/* End PBXFileReference section */

/* Begin PBXFrameworksBuildPhase section */
		BAD62718298A8106009BE115 /* Frameworks */ = {
			isa = PBXFrameworksBuildPhase;
			buildActionMask = 2147483647;
			files = (
				8B8BCC1333FF2CB22470A30D /* Pods_FifaBattle.framework in Frameworks */,
			);
			runOnlyForDeploymentPostprocessing = 0;
		};
		BAD62728298A8109009BE115 /* Frameworks */ = {
			isa = PBXFrameworksBuildPhase;
			buildActionMask = 2147483647;
			files = (
				23BEE11B42DEB46FBDC207BD /* Pods_FifaBattleTests.framework in Frameworks */,
			);
			runOnlyForDeploymentPostprocessing = 0;
		};
		BAD62732298A810A009BE115 /* Frameworks */ = {
			isa = PBXFrameworksBuildPhase;
			buildActionMask = 2147483647;
			files = (
				4E766E315262C35328A31ADB /* Pods_FifaBattle_FifaBattleUITests.framework in Frameworks */,
			);
			runOnlyForDeploymentPostprocessing = 0;
		};
/* End PBXFrameworksBuildPhase section */

/* Begin PBXGroup section */
		2F4EBE922995143C00D53080 /* ViewModel */ = {
			isa = PBXGroup;
			children = (
				2F4A67D1299D145200D18366 /* CalculatePointsViewModel.swift */,
				2F4A67DD299E697800D18366 /* ImagePicker.swift */,
				2F697D3129B60A9500A0C801 /* TableModel.swift */,
			);
			path = ViewModel;
			sourceTree = "<group>";
		};
		2F697D3029B6060F00A0C801 /* New Group */ = {
			isa = PBXGroup;
			children = (
			);
			path = "New Group";
			sourceTree = "<group>";
		};
		2FB4CC2229A9126F0066AE72 /* Modifiers */ = {
			isa = PBXGroup;
			children = (
				2FB4CC2329A912A50066AE72 /* CenterModifier.swift */,
				2FB4CC2529AB850B0066AE72 /* Color.swift */,
			);
			path = Modifiers;
			sourceTree = "<group>";
		};
		2FB4CC3229AD04BB0066AE72 /* Fonts */ = {
			isa = PBXGroup;
			children = (
				2FB4CC3329AD04CF0066AE72 /* PressStart2P-Regular.ttf */,
				2FB4CC3529AD04CF0066AE72 /* RampartOne-Regular.ttf */,
				2FB4CC3929AD09D40066AE72 /* OFL.txt */,
				2FB4CC3429AD04CF0066AE72 /* Roboto-Regular.ttf */,
				2FB4CC3629AD04CF0066AE72 /* RubikIso-Regular.ttf */,
				2FB4CC3729AD05CA0066AE72 /* FontsManager.swift */,
			);
			path = Fonts;
			sourceTree = "<group>";
		};
		2FFF525B29AE375500FB4F66 /* DataModel */ = {
			isa = PBXGroup;
			children = (
				2F697D2E29B600E200A0C801 /* DataModel.swift */,
			);
			path = DataModel;
			sourceTree = "<group>";
		};
		BAD62712298A8106009BE115 = {
			isa = PBXGroup;
			children = (
				BAD6271D298A8106009BE115 /* FifaBattle */,
				BAD6272E298A810A009BE115 /* FifaBattleTests */,
				BAD62738298A810A009BE115 /* FifaBattleUITests */,
				BAD6271C298A8106009BE115 /* Products */,
				E15A1EC8B7331ED9EAEC35C1 /* Pods */,
				CC9A746A6D032421E27B93DA /* Frameworks */,
			);
			sourceTree = "<group>";
		};
		BAD6271C298A8106009BE115 /* Products */ = {
			isa = PBXGroup;
			children = (
				BAD6271B298A8106009BE115 /* FifaBattle.app */,
				BAD6272B298A8109009BE115 /* FifaBattleTests.xctest */,
				BAD62735298A810A009BE115 /* FifaBattleUITests.xctest */,
			);
			name = Products;
			sourceTree = "<group>";
		};
		BAD6271D298A8106009BE115 /* FifaBattle */ = {
			isa = PBXGroup;
			children = (
				2F697D3029B6060F00A0C801 /* New Group */,
				2FFF525B29AE375500FB4F66 /* DataModel */,
				2FB4CC3229AD04BB0066AE72 /* Fonts */,
				2FB4CC2229A9126F0066AE72 /* Modifiers */,
				2F4EBE922995143C00D53080 /* ViewModel */,
				BAF3EE6C298C3F0D0047A7E0 /* dashboard */,
				BAE86496298BC9E300C5916A /* Info.plist */,
				BAD62748298A8149009BE115 /* Views */,
				BAD6271E298A8106009BE115 /* FifaBattleApp.swift */,
				BAD62720298A8106009BE115 /* ContentView.swift */,
				2F697D3C29B62B9F00A0C801 /* GoogleService-Info.plist */,
				BAD62722298A8109009BE115 /* Assets.xcassets */,
				BAD62724298A8109009BE115 /* Preview Content */,
			);
			path = FifaBattle;
			sourceTree = "<group>";
		};
		BAD62724298A8109009BE115 /* Preview Content */ = {
			isa = PBXGroup;
			children = (
				BAD62725298A8109009BE115 /* Preview Assets.xcassets */,
			);
			path = "Preview Content";
			sourceTree = "<group>";
		};
		BAD6272E298A810A009BE115 /* FifaBattleTests */ = {
			isa = PBXGroup;
			children = (
				BAD6272F298A810A009BE115 /* FifaBattleTests.swift */,
			);
			path = FifaBattleTests;
			sourceTree = "<group>";
		};
		BAD62738298A810A009BE115 /* FifaBattleUITests */ = {
			isa = PBXGroup;
			children = (
				BAD62739298A810A009BE115 /* FifaBattleUITests.swift */,
				BAD6273B298A810A009BE115 /* FifaBattleUITestsLaunchTests.swift */,
			);
			path = FifaBattleUITests;
			sourceTree = "<group>";
		};
		BAD62748298A8149009BE115 /* Views */ = {
			isa = PBXGroup;
			children = (
				BAD6274B298A8181009BE115 /* ResetPasswordView.swift */,
				BAD6274F298A81B8009BE115 /* SignUpView.swift */,
				2F4EBE8F2995129400D53080 /* TableView.swift */,
				2F4A67CF299D0BB800D18366 /* HeaderView.swift */,
				2F4A67D3299D15F700D18366 /* CalculatePointsView.swift */,
				2F4A67D5299D1D8000D18366 /* IncrementNumberButton.swift */,
				2F4A67D7299E5E3E00D18366 /* ProfileView.swift */,
				2F4A67D9299E655400D18366 /* SettingsView.swift */,
				2FBF0AE529A4E11E00C7CB82 /* CustomTabView.swift */,
				2FB4CC2029A90F4E0066AE72 /* CreditsView.swift */,
			);
			path = Views;
			sourceTree = "<group>";
		};
		BAF3EE6C298C3F0D0047A7E0 /* dashboard */ = {
			isa = PBXGroup;
			children = (
				BAF3EE6D298C3F480047A7E0 /* HomeViewModel.swift */,
			);
			path = dashboard;
			sourceTree = "<group>";
		};
		CC9A746A6D032421E27B93DA /* Frameworks */ = {
			isa = PBXGroup;
			children = (
				3D5D8E7CC396BDDFC92FEB2C /* Pods_FifaBattle.framework */,
				6726B0EB91A6F9E9DC60BC73 /* Pods_FifaBattle_FifaBattleUITests.framework */,
				73D29EC3325D429AB857EAF3 /* Pods_FifaBattleTests.framework */,
			);
			name = Frameworks;
			sourceTree = "<group>";
		};
		E15A1EC8B7331ED9EAEC35C1 /* Pods */ = {
			isa = PBXGroup;
			children = (
				3BC757F95454A6D76AA312B2 /* Pods-FifaBattle.debug.xcconfig */,
				DAF2F77B3DFEE4C4BD1F0861 /* Pods-FifaBattle.release.xcconfig */,
				A8A0A9A8092E96DF0D8921E3 /* Pods-FifaBattle-FifaBattleUITests.debug.xcconfig */,
				1DB6BA1452989B2173AE7EC7 /* Pods-FifaBattle-FifaBattleUITests.release.xcconfig */,
				B14916F67C05EFD2D5D8012C /* Pods-FifaBattleTests.debug.xcconfig */,
				491674EF738FF58EADA4B426 /* Pods-FifaBattleTests.release.xcconfig */,
			);
			path = Pods;
			sourceTree = "<group>";
		};
/* End PBXGroup section */

/* Begin PBXNativeTarget section */
		BAD6271A298A8106009BE115 /* FifaBattle */ = {
			isa = PBXNativeTarget;
			buildConfigurationList = BAD6273F298A810A009BE115 /* Build configuration list for PBXNativeTarget "FifaBattle" */;
			buildPhases = (
				48041A33EFB9DE8060DAD0E0 /* [CP] Check Pods Manifest.lock */,
				BAD62717298A8106009BE115 /* Sources */,
				BAD62718298A8106009BE115 /* Frameworks */,
				BAD62719298A8106009BE115 /* Resources */,
				1E4417A660035D71206C70C7 /* [CP] Embed Pods Frameworks */,
			);
			buildRules = (
			);
			dependencies = (
			);
			name = FifaBattle;
			packageProductDependencies = (
			);
			productName = FifaBattle;
			productReference = BAD6271B298A8106009BE115 /* FifaBattle.app */;
			productType = "com.apple.product-type.application";
		};
		BAD6272A298A8109009BE115 /* FifaBattleTests */ = {
			isa = PBXNativeTarget;
			buildConfigurationList = BAD62742298A810A009BE115 /* Build configuration list for PBXNativeTarget "FifaBattleTests" */;
			buildPhases = (
				810439A66018629765CBAD2F /* [CP] Check Pods Manifest.lock */,
				BAD62727298A8109009BE115 /* Sources */,
				BAD62728298A8109009BE115 /* Frameworks */,
				BAD62729298A8109009BE115 /* Resources */,
			);
			buildRules = (
			);
			dependencies = (
				BAD6272D298A8109009BE115 /* PBXTargetDependency */,
			);
			name = FifaBattleTests;
			productName = FifaBattleTests;
			productReference = BAD6272B298A8109009BE115 /* FifaBattleTests.xctest */;
			productType = "com.apple.product-type.bundle.unit-test";
		};
		BAD62734298A810A009BE115 /* FifaBattleUITests */ = {
			isa = PBXNativeTarget;
			buildConfigurationList = BAD62745298A810A009BE115 /* Build configuration list for PBXNativeTarget "FifaBattleUITests" */;
			buildPhases = (
				CB6208D7F173032A3432CBD0 /* [CP] Check Pods Manifest.lock */,
				BAD62731298A810A009BE115 /* Sources */,
				BAD62732298A810A009BE115 /* Frameworks */,
				BAD62733298A810A009BE115 /* Resources */,
				FE06C823B7A839C1384D4D83 /* [CP] Embed Pods Frameworks */,
			);
			buildRules = (
			);
			dependencies = (
				BAD62737298A810A009BE115 /* PBXTargetDependency */,
			);
			name = FifaBattleUITests;
			productName = FifaBattleUITests;
			productReference = BAD62735298A810A009BE115 /* FifaBattleUITests.xctest */;
			productType = "com.apple.product-type.bundle.ui-testing";
		};
/* End PBXNativeTarget section */

/* Begin PBXProject section */
		BAD62713298A8106009BE115 /* Project object */ = {
			isa = PBXProject;
			attributes = {
				BuildIndependentTargetsInParallel = 1;
				LastSwiftUpdateCheck = 1420;
				LastUpgradeCheck = 1420;
				TargetAttributes = {
					BAD6271A298A8106009BE115 = {
						CreatedOnToolsVersion = 14.2;
					};
					BAD6272A298A8109009BE115 = {
						CreatedOnToolsVersion = 14.2;
						TestTargetID = BAD6271A298A8106009BE115;
					};
					BAD62734298A810A009BE115 = {
						CreatedOnToolsVersion = 14.2;
						TestTargetID = BAD6271A298A8106009BE115;
					};
				};
			};
			buildConfigurationList = BAD62716298A8106009BE115 /* Build configuration list for PBXProject "FifaBattle" */;
			compatibilityVersion = "Xcode 14.0";
			developmentRegion = en;
			hasScannedForEncodings = 0;
			knownRegions = (
				en,
				Base,
			);
			mainGroup = BAD62712298A8106009BE115;
			packageReferences = (
			);
			productRefGroup = BAD6271C298A8106009BE115 /* Products */;
			projectDirPath = "";
			projectRoot = "";
			targets = (
				BAD6271A298A8106009BE115 /* FifaBattle */,
				BAD6272A298A8109009BE115 /* FifaBattleTests */,
				BAD62734298A810A009BE115 /* FifaBattleUITests */,
			);
		};
/* End PBXProject section */

/* Begin PBXResourcesBuildPhase section */
		BAD62719298A8106009BE115 /* Resources */ = {
			isa = PBXResourcesBuildPhase;
			buildActionMask = 2147483647;
			files = (
				BAD62726298A8109009BE115 /* Preview Assets.xcassets in Resources */,
				2F697D3D29B62B9F00A0C801 /* GoogleService-Info.plist in Resources */,
				2FB4CC3A29AD09D40066AE72 /* OFL.txt in Resources */,
				BAD62723298A8109009BE115 /* Assets.xcassets in Resources */,
			);
			runOnlyForDeploymentPostprocessing = 0;
		};
		BAD62729298A8109009BE115 /* Resources */ = {
			isa = PBXResourcesBuildPhase;
			buildActionMask = 2147483647;
			files = (
			);
			runOnlyForDeploymentPostprocessing = 0;
		};
		BAD62733298A810A009BE115 /* Resources */ = {
			isa = PBXResourcesBuildPhase;
			buildActionMask = 2147483647;
			files = (
			);
			runOnlyForDeploymentPostprocessing = 0;
		};
/* End PBXResourcesBuildPhase section */

/* Begin PBXShellScriptBuildPhase section */
		1E4417A660035D71206C70C7 /* [CP] Embed Pods Frameworks */ = {
			isa = PBXShellScriptBuildPhase;
			buildActionMask = 2147483647;
			files = (
			);
			inputFileListPaths = (
				"${PODS_ROOT}/Target Support Files/Pods-FifaBattle/Pods-FifaBattle-frameworks-${CONFIGURATION}-input-files.xcfilelist",
			);
			name = "[CP] Embed Pods Frameworks";
			outputFileListPaths = (
				"${PODS_ROOT}/Target Support Files/Pods-FifaBattle/Pods-FifaBattle-frameworks-${CONFIGURATION}-output-files.xcfilelist",
			);
			runOnlyForDeploymentPostprocessing = 0;
			shellPath = /bin/sh;
			shellScript = "\"${PODS_ROOT}/Target Support Files/Pods-FifaBattle/Pods-FifaBattle-frameworks.sh\"\n";
			showEnvVarsInLog = 0;
		};
		48041A33EFB9DE8060DAD0E0 /* [CP] Check Pods Manifest.lock */ = {
			isa = PBXShellScriptBuildPhase;
			buildActionMask = 2147483647;
			files = (
			);
			inputFileListPaths = (
			);
			inputPaths = (
				"${PODS_PODFILE_DIR_PATH}/Podfile.lock",
				"${PODS_ROOT}/Manifest.lock",
			);
			name = "[CP] Check Pods Manifest.lock";
			outputFileListPaths = (
			);
			outputPaths = (
				"$(DERIVED_FILE_DIR)/Pods-FifaBattle-checkManifestLockResult.txt",
			);
			runOnlyForDeploymentPostprocessing = 0;
			shellPath = /bin/sh;
			shellScript = "diff \"${PODS_PODFILE_DIR_PATH}/Podfile.lock\" \"${PODS_ROOT}/Manifest.lock\" > /dev/null\nif [ $? != 0 ] ; then\n    # print error to STDERR\n    echo \"error: The sandbox is not in sync with the Podfile.lock. Run 'pod install' or update your CocoaPods installation.\" >&2\n    exit 1\nfi\n# This output is used by Xcode 'outputs' to avoid re-running this script phase.\necho \"SUCCESS\" > \"${SCRIPT_OUTPUT_FILE_0}\"\n";
			showEnvVarsInLog = 0;
		};
		810439A66018629765CBAD2F /* [CP] Check Pods Manifest.lock */ = {
			isa = PBXShellScriptBuildPhase;
			buildActionMask = 2147483647;
			files = (
			);
			inputFileListPaths = (
			);
			inputPaths = (
				"${PODS_PODFILE_DIR_PATH}/Podfile.lock",
				"${PODS_ROOT}/Manifest.lock",
			);
			name = "[CP] Check Pods Manifest.lock";
			outputFileListPaths = (
			);
			outputPaths = (
				"$(DERIVED_FILE_DIR)/Pods-FifaBattleTests-checkManifestLockResult.txt",
			);
			runOnlyForDeploymentPostprocessing = 0;
			shellPath = /bin/sh;
			shellScript = "diff \"${PODS_PODFILE_DIR_PATH}/Podfile.lock\" \"${PODS_ROOT}/Manifest.lock\" > /dev/null\nif [ $? != 0 ] ; then\n    # print error to STDERR\n    echo \"error: The sandbox is not in sync with the Podfile.lock. Run 'pod install' or update your CocoaPods installation.\" >&2\n    exit 1\nfi\n# This output is used by Xcode 'outputs' to avoid re-running this script phase.\necho \"SUCCESS\" > \"${SCRIPT_OUTPUT_FILE_0}\"\n";
			showEnvVarsInLog = 0;
		};
		CB6208D7F173032A3432CBD0 /* [CP] Check Pods Manifest.lock */ = {
			isa = PBXShellScriptBuildPhase;
			buildActionMask = 2147483647;
			files = (
			);
			inputFileListPaths = (
			);
			inputPaths = (
				"${PODS_PODFILE_DIR_PATH}/Podfile.lock",
				"${PODS_ROOT}/Manifest.lock",
			);
			name = "[CP] Check Pods Manifest.lock";
			outputFileListPaths = (
			);
			outputPaths = (
				"$(DERIVED_FILE_DIR)/Pods-FifaBattle-FifaBattleUITests-checkManifestLockResult.txt",
			);
			runOnlyForDeploymentPostprocessing = 0;
			shellPath = /bin/sh;
			shellScript = "diff \"${PODS_PODFILE_DIR_PATH}/Podfile.lock\" \"${PODS_ROOT}/Manifest.lock\" > /dev/null\nif [ $? != 0 ] ; then\n    # print error to STDERR\n    echo \"error: The sandbox is not in sync with the Podfile.lock. Run 'pod install' or update your CocoaPods installation.\" >&2\n    exit 1\nfi\n# This output is used by Xcode 'outputs' to avoid re-running this script phase.\necho \"SUCCESS\" > \"${SCRIPT_OUTPUT_FILE_0}\"\n";
			showEnvVarsInLog = 0;
		};
		FE06C823B7A839C1384D4D83 /* [CP] Embed Pods Frameworks */ = {
			isa = PBXShellScriptBuildPhase;
			buildActionMask = 2147483647;
			files = (
			);
			inputFileListPaths = (
				"${PODS_ROOT}/Target Support Files/Pods-FifaBattle-FifaBattleUITests/Pods-FifaBattle-FifaBattleUITests-frameworks-${CONFIGURATION}-input-files.xcfilelist",
			);
			name = "[CP] Embed Pods Frameworks";
			outputFileListPaths = (
				"${PODS_ROOT}/Target Support Files/Pods-FifaBattle-FifaBattleUITests/Pods-FifaBattle-FifaBattleUITests-frameworks-${CONFIGURATION}-output-files.xcfilelist",
			);
			runOnlyForDeploymentPostprocessing = 0;
			shellPath = /bin/sh;
			shellScript = "\"${PODS_ROOT}/Target Support Files/Pods-FifaBattle-FifaBattleUITests/Pods-FifaBattle-FifaBattleUITests-frameworks.sh\"\n";
			showEnvVarsInLog = 0;
		};
/* End PBXShellScriptBuildPhase section */

/* Begin PBXSourcesBuildPhase section */
		BAD62717298A8106009BE115 /* Sources */ = {
			isa = PBXSourcesBuildPhase;
			buildActionMask = 2147483647;
			files = (
				BAD62721298A8106009BE115 /* ContentView.swift in Sources */,
				BAF3EE6E298C3F480047A7E0 /* HomeViewModel.swift in Sources */,
				2F4A67D6299D1D8000D18366 /* IncrementNumberButton.swift in Sources */,
				2FB4CC2129A90F4E0066AE72 /* CreditsView.swift in Sources */,
				2F697D3229B60A9500A0C801 /* TableModel.swift in Sources */,
				2FB4CC2629AB850B0066AE72 /* Color.swift in Sources */,
				2F697D2F29B600E200A0C801 /* DataModel.swift in Sources */,
				2F4A67DE299E697800D18366 /* ImagePicker.swift in Sources */,
				2FB4CC3829AD05CA0066AE72 /* FontsManager.swift in Sources */,
				BAD62750298A81B8009BE115 /* SignUpView.swift in Sources */,
				2F4A67D8299E5E3E00D18366 /* ProfileView.swift in Sources */,
				2F4EBE902995129400D53080 /* TableView.swift in Sources */,
				2F4A67D4299D15F700D18366 /* CalculatePointsView.swift in Sources */,
				2F4A67D2299D145200D18366 /* CalculatePointsViewModel.swift in Sources */,
				2F4A67DA299E655400D18366 /* SettingsView.swift in Sources */,
				2FBF0AE629A4E11E00C7CB82 /* CustomTabView.swift in Sources */,
				BAD6271F298A8106009BE115 /* FifaBattleApp.swift in Sources */,
				BAD6274C298A8181009BE115 /* ResetPasswordView.swift in Sources */,
				2F4A67D0299D0BB800D18366 /* HeaderView.swift in Sources */,
				2FB4CC2429A912A50066AE72 /* CenterModifier.swift in Sources */,
			);
			runOnlyForDeploymentPostprocessing = 0;
		};
		BAD62727298A8109009BE115 /* Sources */ = {
			isa = PBXSourcesBuildPhase;
			buildActionMask = 2147483647;
			files = (
				BAD62730298A810A009BE115 /* FifaBattleTests.swift in Sources */,
			);
			runOnlyForDeploymentPostprocessing = 0;
		};
		BAD62731298A810A009BE115 /* Sources */ = {
			isa = PBXSourcesBuildPhase;
			buildActionMask = 2147483647;
			files = (
				BAD6273C298A810A009BE115 /* FifaBattleUITestsLaunchTests.swift in Sources */,
				BAD6273A298A810A009BE115 /* FifaBattleUITests.swift in Sources */,
			);
			runOnlyForDeploymentPostprocessing = 0;
		};
/* End PBXSourcesBuildPhase section */

/* Begin PBXTargetDependency section */
		BAD6272D298A8109009BE115 /* PBXTargetDependency */ = {
			isa = PBXTargetDependency;
			target = BAD6271A298A8106009BE115 /* FifaBattle */;
			targetProxy = BAD6272C298A8109009BE115 /* PBXContainerItemProxy */;
		};
		BAD62737298A810A009BE115 /* PBXTargetDependency */ = {
			isa = PBXTargetDependency;
			target = BAD6271A298A8106009BE115 /* FifaBattle */;
			targetProxy = BAD62736298A810A009BE115 /* PBXContainerItemProxy */;
		};
/* End PBXTargetDependency section */

/* Begin XCBuildConfiguration section */
		BAD6273D298A810A009BE115 /* Debug */ = {
			isa = XCBuildConfiguration;
			buildSettings = {
				ALWAYS_SEARCH_USER_PATHS = NO;
				CLANG_ANALYZER_NONNULL = YES;
				CLANG_ANALYZER_NUMBER_OBJECT_CONVERSION = YES_AGGRESSIVE;
				CLANG_CXX_LANGUAGE_STANDARD = "gnu++20";
				CLANG_ENABLE_MODULES = YES;
				CLANG_ENABLE_OBJC_ARC = YES;
				CLANG_ENABLE_OBJC_WEAK = YES;
				CLANG_WARN_BLOCK_CAPTURE_AUTORELEASING = YES;
				CLANG_WARN_BOOL_CONVERSION = YES;
				CLANG_WARN_COMMA = YES;
				CLANG_WARN_CONSTANT_CONVERSION = YES;
				CLANG_WARN_DEPRECATED_OBJC_IMPLEMENTATIONS = YES;
				CLANG_WARN_DIRECT_OBJC_ISA_USAGE = YES_ERROR;
				CLANG_WARN_DOCUMENTATION_COMMENTS = YES;
				CLANG_WARN_EMPTY_BODY = YES;
				CLANG_WARN_ENUM_CONVERSION = YES;
				CLANG_WARN_INFINITE_RECURSION = YES;
				CLANG_WARN_INT_CONVERSION = YES;
				CLANG_WARN_NON_LITERAL_NULL_CONVERSION = YES;
				CLANG_WARN_OBJC_IMPLICIT_RETAIN_SELF = YES;
				CLANG_WARN_OBJC_LITERAL_CONVERSION = YES;
				CLANG_WARN_OBJC_ROOT_CLASS = YES_ERROR;
				CLANG_WARN_QUOTED_INCLUDE_IN_FRAMEWORK_HEADER = YES;
				CLANG_WARN_RANGE_LOOP_ANALYSIS = YES;
				CLANG_WARN_STRICT_PROTOTYPES = YES;
				CLANG_WARN_SUSPICIOUS_MOVE = YES;
				CLANG_WARN_UNGUARDED_AVAILABILITY = YES_AGGRESSIVE;
				CLANG_WARN_UNREACHABLE_CODE = YES;
				CLANG_WARN__DUPLICATE_METHOD_MATCH = YES;
				COPY_PHASE_STRIP = NO;
				DEBUG_INFORMATION_FORMAT = dwarf;
				ENABLE_STRICT_OBJC_MSGSEND = YES;
				ENABLE_TESTABILITY = YES;
				GCC_C_LANGUAGE_STANDARD = gnu11;
				GCC_DYNAMIC_NO_PIC = NO;
				GCC_NO_COMMON_BLOCKS = YES;
				GCC_OPTIMIZATION_LEVEL = 0;
				GCC_PREPROCESSOR_DEFINITIONS = (
					"DEBUG=1",
					"$(inherited)",
				);
				GCC_WARN_64_TO_32_BIT_CONVERSION = YES;
				GCC_WARN_ABOUT_RETURN_TYPE = YES_ERROR;
				GCC_WARN_UNDECLARED_SELECTOR = YES;
				GCC_WARN_UNINITIALIZED_AUTOS = YES_AGGRESSIVE;
				GCC_WARN_UNUSED_FUNCTION = YES;
				GCC_WARN_UNUSED_VARIABLE = YES;
				IPHONEOS_DEPLOYMENT_TARGET = 16.2;
				MTL_ENABLE_DEBUG_INFO = INCLUDE_SOURCE;
				MTL_FAST_MATH = YES;
				ONLY_ACTIVE_ARCH = YES;
				SDKROOT = iphoneos;
				SWIFT_ACTIVE_COMPILATION_CONDITIONS = DEBUG;
				SWIFT_OPTIMIZATION_LEVEL = "-Onone";
			};
			name = Debug;
		};
		BAD6273E298A810A009BE115 /* Release */ = {
			isa = XCBuildConfiguration;
			buildSettings = {
				ALWAYS_SEARCH_USER_PATHS = NO;
				CLANG_ANALYZER_NONNULL = YES;
				CLANG_ANALYZER_NUMBER_OBJECT_CONVERSION = YES_AGGRESSIVE;
				CLANG_CXX_LANGUAGE_STANDARD = "gnu++20";
				CLANG_ENABLE_MODULES = YES;
				CLANG_ENABLE_OBJC_ARC = YES;
				CLANG_ENABLE_OBJC_WEAK = YES;
				CLANG_WARN_BLOCK_CAPTURE_AUTORELEASING = YES;
				CLANG_WARN_BOOL_CONVERSION = YES;
				CLANG_WARN_COMMA = YES;
				CLANG_WARN_CONSTANT_CONVERSION = YES;
				CLANG_WARN_DEPRECATED_OBJC_IMPLEMENTATIONS = YES;
				CLANG_WARN_DIRECT_OBJC_ISA_USAGE = YES_ERROR;
				CLANG_WARN_DOCUMENTATION_COMMENTS = YES;
				CLANG_WARN_EMPTY_BODY = YES;
				CLANG_WARN_ENUM_CONVERSION = YES;
				CLANG_WARN_INFINITE_RECURSION = YES;
				CLANG_WARN_INT_CONVERSION = YES;
				CLANG_WARN_NON_LITERAL_NULL_CONVERSION = YES;
				CLANG_WARN_OBJC_IMPLICIT_RETAIN_SELF = YES;
				CLANG_WARN_OBJC_LITERAL_CONVERSION = YES;
				CLANG_WARN_OBJC_ROOT_CLASS = YES_ERROR;
				CLANG_WARN_QUOTED_INCLUDE_IN_FRAMEWORK_HEADER = YES;
				CLANG_WARN_RANGE_LOOP_ANALYSIS = YES;
				CLANG_WARN_STRICT_PROTOTYPES = YES;
				CLANG_WARN_SUSPICIOUS_MOVE = YES;
				CLANG_WARN_UNGUARDED_AVAILABILITY = YES_AGGRESSIVE;
				CLANG_WARN_UNREACHABLE_CODE = YES;
				CLANG_WARN__DUPLICATE_METHOD_MATCH = YES;
				COPY_PHASE_STRIP = NO;
				DEBUG_INFORMATION_FORMAT = "dwarf-with-dsym";
				ENABLE_NS_ASSERTIONS = NO;
				ENABLE_STRICT_OBJC_MSGSEND = YES;
				GCC_C_LANGUAGE_STANDARD = gnu11;
				GCC_NO_COMMON_BLOCKS = YES;
				GCC_WARN_64_TO_32_BIT_CONVERSION = YES;
				GCC_WARN_ABOUT_RETURN_TYPE = YES_ERROR;
				GCC_WARN_UNDECLARED_SELECTOR = YES;
				GCC_WARN_UNINITIALIZED_AUTOS = YES_AGGRESSIVE;
				GCC_WARN_UNUSED_FUNCTION = YES;
				GCC_WARN_UNUSED_VARIABLE = YES;
				IPHONEOS_DEPLOYMENT_TARGET = 16.2;
				MTL_ENABLE_DEBUG_INFO = NO;
				MTL_FAST_MATH = YES;
				SDKROOT = iphoneos;
				SWIFT_COMPILATION_MODE = wholemodule;
				SWIFT_OPTIMIZATION_LEVEL = "-O";
				VALIDATE_PRODUCT = YES;
			};
			name = Release;
		};
		BAD62740298A810A009BE115 /* Debug */ = {
			isa = XCBuildConfiguration;
			baseConfigurationReference = 3BC757F95454A6D76AA312B2 /* Pods-FifaBattle.debug.xcconfig */;
			buildSettings = {
				ASSETCATALOG_COMPILER_APPICON_NAME = AppIcon;
				ASSETCATALOG_COMPILER_GLOBAL_ACCENT_COLOR_NAME = AccentColor;
				CODE_SIGN_STYLE = Automatic;
				CURRENT_PROJECT_VERSION = 1;
				DEVELOPMENT_ASSET_PATHS = "\"FifaBattle/Preview Content\"";
				DEVELOPMENT_TEAM = C25857C3M7;
				ENABLE_PREVIEWS = YES;
				GENERATE_INFOPLIST_FILE = YES;
				INFOPLIST_FILE = FifaBattle/Info.plist;
				INFOPLIST_KEY_LSApplicationCategoryType = "public.app-category.sports-games";
				INFOPLIST_KEY_UIApplicationSceneManifest_Generation = YES;
				INFOPLIST_KEY_UIApplicationSupportsIndirectInputEvents = YES;
				INFOPLIST_KEY_UISupportedInterfaceOrientations_iPad = "UIInterfaceOrientationPortrait UIInterfaceOrientationPortraitUpsideDown UIInterfaceOrientationLandscapeLeft UIInterfaceOrientationLandscapeRight";
				INFOPLIST_KEY_UISupportedInterfaceOrientations_iPhone = "UIInterfaceOrientationPortrait UIInterfaceOrientationLandscapeLeft UIInterfaceOrientationLandscapeRight";
				LD_RUNPATH_SEARCH_PATHS = (
					"$(inherited)",
					"@executable_path/Frameworks",
				);
				MARKETING_VERSION = 1.0;
				PRODUCT_BUNDLE_IDENTIFIER = "Steffanie-Sharma.FifaBattle";
				PRODUCT_NAME = "$(TARGET_NAME)";
				SWIFT_EMIT_LOC_STRINGS = YES;
				SWIFT_VERSION = 5.0;
				TARGETED_DEVICE_FAMILY = "1,2";
			};
			name = Debug;
		};
		BAD62741298A810A009BE115 /* Release */ = {
			isa = XCBuildConfiguration;
			baseConfigurationReference = DAF2F77B3DFEE4C4BD1F0861 /* Pods-FifaBattle.release.xcconfig */;
			buildSettings = {
				ASSETCATALOG_COMPILER_APPICON_NAME = AppIcon;
				ASSETCATALOG_COMPILER_GLOBAL_ACCENT_COLOR_NAME = AccentColor;
				CODE_SIGN_STYLE = Automatic;
				CURRENT_PROJECT_VERSION = 1;
				DEVELOPMENT_ASSET_PATHS = "\"FifaBattle/Preview Content\"";
				DEVELOPMENT_TEAM = C25857C3M7;
				ENABLE_PREVIEWS = YES;
				GENERATE_INFOPLIST_FILE = YES;
				INFOPLIST_FILE = FifaBattle/Info.plist;
				INFOPLIST_KEY_LSApplicationCategoryType = "public.app-category.sports-games";
				INFOPLIST_KEY_UIApplicationSceneManifest_Generation = YES;
				INFOPLIST_KEY_UIApplicationSupportsIndirectInputEvents = YES;
				INFOPLIST_KEY_UISupportedInterfaceOrientations_iPad = "UIInterfaceOrientationPortrait UIInterfaceOrientationPortraitUpsideDown UIInterfaceOrientationLandscapeLeft UIInterfaceOrientationLandscapeRight";
				INFOPLIST_KEY_UISupportedInterfaceOrientations_iPhone = "UIInterfaceOrientationPortrait UIInterfaceOrientationLandscapeLeft UIInterfaceOrientationLandscapeRight";
				LD_RUNPATH_SEARCH_PATHS = (
					"$(inherited)",
					"@executable_path/Frameworks",
				);
				MARKETING_VERSION = 1.0;
				PRODUCT_BUNDLE_IDENTIFIER = "Steffanie-Sharma.FifaBattle";
				PRODUCT_NAME = "$(TARGET_NAME)";
				SWIFT_EMIT_LOC_STRINGS = YES;
				SWIFT_VERSION = 5.0;
				TARGETED_DEVICE_FAMILY = "1,2";
			};
			name = Release;
		};
		BAD62743298A810A009BE115 /* Debug */ = {
			isa = XCBuildConfiguration;
			baseConfigurationReference = B14916F67C05EFD2D5D8012C /* Pods-FifaBattleTests.debug.xcconfig */;
			buildSettings = {
				ALWAYS_EMBED_SWIFT_STANDARD_LIBRARIES = YES;
				BUNDLE_LOADER = "$(TEST_HOST)";
				CODE_SIGN_STYLE = Automatic;
				CURRENT_PROJECT_VERSION = 1;
				DEVELOPMENT_TEAM = C25857C3M7;
				GENERATE_INFOPLIST_FILE = YES;
				IPHONEOS_DEPLOYMENT_TARGET = 16.2;
				MARKETING_VERSION = 1.0;
				PRODUCT_BUNDLE_IDENTIFIER = "Steffanie-Sharma.FifaBattleTests";
				PRODUCT_NAME = "$(TARGET_NAME)";
				SWIFT_EMIT_LOC_STRINGS = NO;
				SWIFT_VERSION = 5.0;
				TARGETED_DEVICE_FAMILY = "1,2";
				TEST_HOST = "$(BUILT_PRODUCTS_DIR)/FifaBattle.app/$(BUNDLE_EXECUTABLE_FOLDER_PATH)/FifaBattle";
			};
			name = Debug;
		};
		BAD62744298A810A009BE115 /* Release */ = {
			isa = XCBuildConfiguration;
			baseConfigurationReference = 491674EF738FF58EADA4B426 /* Pods-FifaBattleTests.release.xcconfig */;
			buildSettings = {
				ALWAYS_EMBED_SWIFT_STANDARD_LIBRARIES = YES;
				BUNDLE_LOADER = "$(TEST_HOST)";
				CODE_SIGN_STYLE = Automatic;
				CURRENT_PROJECT_VERSION = 1;
				DEVELOPMENT_TEAM = C25857C3M7;
				GENERATE_INFOPLIST_FILE = YES;
				IPHONEOS_DEPLOYMENT_TARGET = 16.2;
				MARKETING_VERSION = 1.0;
				PRODUCT_BUNDLE_IDENTIFIER = "Steffanie-Sharma.FifaBattleTests";
				PRODUCT_NAME = "$(TARGET_NAME)";
				SWIFT_EMIT_LOC_STRINGS = NO;
				SWIFT_VERSION = 5.0;
				TARGETED_DEVICE_FAMILY = "1,2";
				TEST_HOST = "$(BUILT_PRODUCTS_DIR)/FifaBattle.app/$(BUNDLE_EXECUTABLE_FOLDER_PATH)/FifaBattle";
			};
			name = Release;
		};
		BAD62746298A810A009BE115 /* Debug */ = {
			isa = XCBuildConfiguration;
			baseConfigurationReference = A8A0A9A8092E96DF0D8921E3 /* Pods-FifaBattle-FifaBattleUITests.debug.xcconfig */;
			buildSettings = {
				ALWAYS_EMBED_SWIFT_STANDARD_LIBRARIES = YES;
				CODE_SIGN_STYLE = Automatic;
				CURRENT_PROJECT_VERSION = 1;
				DEVELOPMENT_TEAM = C25857C3M7;
				GENERATE_INFOPLIST_FILE = YES;
				MARKETING_VERSION = 1.0;
				PRODUCT_BUNDLE_IDENTIFIER = "Steffanie-Sharma.FifaBattleUITests";
				PRODUCT_NAME = "$(TARGET_NAME)";
				SWIFT_EMIT_LOC_STRINGS = NO;
				SWIFT_VERSION = 5.0;
				TARGETED_DEVICE_FAMILY = "1,2";
				TEST_TARGET_NAME = FifaBattle;
			};
			name = Debug;
		};
		BAD62747298A810A009BE115 /* Release */ = {
			isa = XCBuildConfiguration;
			baseConfigurationReference = 1DB6BA1452989B2173AE7EC7 /* Pods-FifaBattle-FifaBattleUITests.release.xcconfig */;
			buildSettings = {
				ALWAYS_EMBED_SWIFT_STANDARD_LIBRARIES = YES;
				CODE_SIGN_STYLE = Automatic;
				CURRENT_PROJECT_VERSION = 1;
				DEVELOPMENT_TEAM = C25857C3M7;
				GENERATE_INFOPLIST_FILE = YES;
				MARKETING_VERSION = 1.0;
				PRODUCT_BUNDLE_IDENTIFIER = "Steffanie-Sharma.FifaBattleUITests";
				PRODUCT_NAME = "$(TARGET_NAME)";
				SWIFT_EMIT_LOC_STRINGS = NO;
				SWIFT_VERSION = 5.0;
				TARGETED_DEVICE_FAMILY = "1,2";
				TEST_TARGET_NAME = FifaBattle;
			};
			name = Release;
		};
/* End XCBuildConfiguration section */

/* Begin XCConfigurationList section */
		BAD62716298A8106009BE115 /* Build configuration list for PBXProject "FifaBattle" */ = {
			isa = XCConfigurationList;
			buildConfigurations = (
				BAD6273D298A810A009BE115 /* Debug */,
				BAD6273E298A810A009BE115 /* Release */,
			);
			defaultConfigurationIsVisible = 0;
			defaultConfigurationName = Release;
		};
		BAD6273F298A810A009BE115 /* Build configuration list for PBXNativeTarget "FifaBattle" */ = {
			isa = XCConfigurationList;
			buildConfigurations = (
				BAD62740298A810A009BE115 /* Debug */,
				BAD62741298A810A009BE115 /* Release */,
			);
			defaultConfigurationIsVisible = 0;
			defaultConfigurationName = Release;
		};
		BAD62742298A810A009BE115 /* Build configuration list for PBXNativeTarget "FifaBattleTests" */ = {
			isa = XCConfigurationList;
			buildConfigurations = (
				BAD62743298A810A009BE115 /* Debug */,
				BAD62744298A810A009BE115 /* Release */,
			);
			defaultConfigurationIsVisible = 0;
			defaultConfigurationName = Release;
		};
		BAD62745298A810A009BE115 /* Build configuration list for PBXNativeTarget "FifaBattleUITests" */ = {
			isa = XCConfigurationList;
			buildConfigurations = (
				BAD62746298A810A009BE115 /* Debug */,
				BAD62747298A810A009BE115 /* Release */,
			);
			defaultConfigurationIsVisible = 0;
			defaultConfigurationName = Release;
		};
/* End XCConfigurationList section */
	};
	rootObject = BAD62713298A8106009BE115 /* Project object */;
}
